
Microsoft Visual Studio Solution File, Format Version 12.00
# Visual Studio 15
VisualStudioVersion = 15.0.28010.2016
MinimumVisualStudioVersion = 10.0.40219.1
Project("{8BC9CEB8-8B4A-11D0-8D11-00A0C91BC942}") = "KOPIUnknows", "KOPIUnknows\KOPIUnknows.vcxproj", "{226FA86D-129E-4B5C-81F2-B4251A9D6070}"
EndProject
Global
	GlobalSection(SolutionConfigurationPlatforms) = preSolution
		Debug|x64 = Debug|x64
		Debug|x86 = Debug|x86
		Release|x64 = Release|x64
		Release|x86 = Release|x86
	EndGlobalSection
	GlobalSection(ProjectConfigurationPlatforms) = postSolution
		{226FA86D-129E-4B5C-81F2-B4251A9D6070}.Debug|x64.ActiveCfg = Debug|x64
		{226FA86D-129E-4B5C-81F2-B4251A9D6070}.Debug|x64.Build.0 = Debug|x64
		{226FA86D-129E-4B5C-81F2-B4251A9D6070}.Debug|x86.ActiveCfg = Debug|Win32
		{226FA86D-129E-4B5C-81F2-B4251A9D6070}.Debug|x86.Build.0 = Debug|Win32
		{226FA86D-129E-4B5C-81F2-B4251A9D6070}.Release|x64.ActiveCfg = Release|x64
		{226FA86D-129E-4B5C-81F2-B4251A9D6070}.Release|x64.Build.0 = Release|x64
		{226FA86D-129E-4B5C-81F2-B4251A9D6070}.Release|x86.ActiveCfg = Release|Win32
		{226FA86D-129E-4B5C-81F2-B4251A9D6070}.Release|x86.Build.0 = Release|Win32
	EndGlobalSection
	GlobalSection(SolutionProperties) = preSolution
		HideSolutionNode = FALSE
	EndGlobalSection
	GlobalSection(ExtensibilityGlobals) = postSolution
		SolutionGuid = {6FC23C3A-7E9B-43DA-9037-AD31DFB2158B}
	EndGlobalSection
EndGlobal
