
Microsoft Visual Studio Solution File, Format Version 12.00
# Visual Studio 15
VisualStudioVersion = 15.0.28010.2016
MinimumVisualStudioVersion = 10.0.40219.1
Project("{8BC9CEB8-8B4A-11D0-8D11-00A0C91BC942}") = "LStructur", "LStructur\LStructur.vcxproj", "{75034267-C34A-47D1-9442-AFE4B1B681CD}"
EndProject
Global
	GlobalSection(SolutionConfigurationPlatforms) = preSolution
		Debug|x64 = Debug|x64
		Debug|x86 = Debug|x86
		Release|x64 = Release|x64
		Release|x86 = Release|x86
	EndGlobalSection
	GlobalSection(ProjectConfigurationPlatforms) = postSolution
		{75034267-C34A-47D1-9442-AFE4B1B681CD}.Debug|x64.ActiveCfg = Debug|x64
		{75034267-C34A-47D1-9442-AFE4B1B681CD}.Debug|x64.Build.0 = Debug|x64
		{75034267-C34A-47D1-9442-AFE4B1B681CD}.Debug|x86.ActiveCfg = Debug|Win32
		{75034267-C34A-47D1-9442-AFE4B1B681CD}.Debug|x86.Build.0 = Debug|Win32
		{75034267-C34A-47D1-9442-AFE4B1B681CD}.Release|x64.ActiveCfg = Release|x64
		{75034267-C34A-47D1-9442-AFE4B1B681CD}.Release|x64.Build.0 = Release|x64
		{75034267-C34A-47D1-9442-AFE4B1B681CD}.Release|x86.ActiveCfg = Release|Win32
		{75034267-C34A-47D1-9442-AFE4B1B681CD}.Release|x86.Build.0 = Release|Win32
	EndGlobalSection
	GlobalSection(SolutionProperties) = preSolution
		HideSolutionNode = FALSE
	EndGlobalSection
	GlobalSection(ExtensibilityGlobals) = postSolution
		SolutionGuid = {B4873102-679E-450E-8135-53A07DDF0AB1}
	EndGlobalSection
EndGlobal
