
Microsoft Visual Studio Solution File, Format Version 12.00
# Visual Studio 15
VisualStudioVersion = 15.0.28010.2016
MinimumVisualStudioVersion = 10.0.40219.1
Project("{8BC9CEB8-8B4A-11D0-8D11-00A0C91BC942}") = "PStroki2", "PStroki2\PStroki2.vcxproj", "{9D4B9CA4-ACAA-40A4-BBF8-2671EDE4753C}"
EndProject
Global
	GlobalSection(SolutionConfigurationPlatforms) = preSolution
		Debug|x64 = Debug|x64
		Debug|x86 = Debug|x86
		Release|x64 = Release|x64
		Release|x86 = Release|x86
	EndGlobalSection
	GlobalSection(ProjectConfigurationPlatforms) = postSolution
		{9D4B9CA4-ACAA-40A4-BBF8-2671EDE4753C}.Debug|x64.ActiveCfg = Debug|x64
		{9D4B9CA4-ACAA-40A4-BBF8-2671EDE4753C}.Debug|x64.Build.0 = Debug|x64
		{9D4B9CA4-ACAA-40A4-BBF8-2671EDE4753C}.Debug|x86.ActiveCfg = Debug|Win32
		{9D4B9CA4-ACAA-40A4-BBF8-2671EDE4753C}.Debug|x86.Build.0 = Debug|Win32
		{9D4B9CA4-ACAA-40A4-BBF8-2671EDE4753C}.Release|x64.ActiveCfg = Release|x64
		{9D4B9CA4-ACAA-40A4-BBF8-2671EDE4753C}.Release|x64.Build.0 = Release|x64
		{9D4B9CA4-ACAA-40A4-BBF8-2671EDE4753C}.Release|x86.ActiveCfg = Release|Win32
		{9D4B9CA4-ACAA-40A4-BBF8-2671EDE4753C}.Release|x86.Build.0 = Release|Win32
	EndGlobalSection
	GlobalSection(SolutionProperties) = preSolution
		HideSolutionNode = FALSE
	EndGlobalSection
	GlobalSection(ExtensibilityGlobals) = postSolution
		SolutionGuid = {F81DB6D1-8145-4AEF-9DD4-918107FF17F4}
	EndGlobalSection
EndGlobal
