
Microsoft Visual Studio Solution File, Format Version 12.00
# Visual Studio 15
VisualStudioVersion = 15.0.28010.2016
MinimumVisualStudioVersion = 10.0.40219.1
Project("{8BC9CEB8-8B4A-11D0-8D11-00A0C91BC942}") = "PStroki6", "PStroki6\PStroki6.vcxproj", "{A09B3C41-9822-4B71-9943-3D3F6065E301}"
EndProject
Global
	GlobalSection(SolutionConfigurationPlatforms) = preSolution
		Debug|x64 = Debug|x64
		Debug|x86 = Debug|x86
		Release|x64 = Release|x64
		Release|x86 = Release|x86
	EndGlobalSection
	GlobalSection(ProjectConfigurationPlatforms) = postSolution
		{A09B3C41-9822-4B71-9943-3D3F6065E301}.Debug|x64.ActiveCfg = Debug|x64
		{A09B3C41-9822-4B71-9943-3D3F6065E301}.Debug|x64.Build.0 = Debug|x64
		{A09B3C41-9822-4B71-9943-3D3F6065E301}.Debug|x86.ActiveCfg = Debug|Win32
		{A09B3C41-9822-4B71-9943-3D3F6065E301}.Debug|x86.Build.0 = Debug|Win32
		{A09B3C41-9822-4B71-9943-3D3F6065E301}.Release|x64.ActiveCfg = Release|x64
		{A09B3C41-9822-4B71-9943-3D3F6065E301}.Release|x64.Build.0 = Release|x64
		{A09B3C41-9822-4B71-9943-3D3F6065E301}.Release|x86.ActiveCfg = Release|Win32
		{A09B3C41-9822-4B71-9943-3D3F6065E301}.Release|x86.Build.0 = Release|Win32
	EndGlobalSection
	GlobalSection(SolutionProperties) = preSolution
		HideSolutionNode = FALSE
	EndGlobalSection
	GlobalSection(ExtensibilityGlobals) = postSolution
		SolutionGuid = {47656B32-72C1-4435-AB64-A2A05337FC62}
	EndGlobalSection
EndGlobal
